
Microsoft Visual Studio Solution File, Format Version 12.00
# Visual Studio Version 16
VisualStudioVersion = 16.0.29009.5
MinimumVisualStudioVersion = 10.0.40219.1
Project("{FAE04EC0-301F-11D3-BF4B-00C04F79EFBC}") = "SuperHeroes", "SuperHeroes\SuperHeroes.csproj", "{3E242E20-7BAC-4942-ADD1-E93C62D933ED}"
EndProject
Global
	GlobalSection(SolutionConfigurationPlatforms) = preSolution
		Debug|Any CPU = Debug|Any CPU
		Release|Any CPU = Release|Any CPU
	EndGlobalSection
	GlobalSection(ProjectConfigurationPlatforms) = postSolution
		{3E242E20-7BAC-4942-ADD1-E93C62D933ED}.Debug|Any CPU.ActiveCfg = Debug|Any CPU
		{3E242E20-7BAC-4942-ADD1-E93C62D933ED}.Debug|Any CPU.Build.0 = Debug|Any CPU
		{3E242E20-7BAC-4942-ADD1-E93C62D933ED}.Release|Any CPU.ActiveCfg = Release|Any CPU
		{3E242E20-7BAC-4942-ADD1-E93C62D933ED}.Release|Any CPU.Build.0 = Release|Any CPU
	EndGlobalSection
	GlobalSection(SolutionProperties) = preSolution
		HideSolutionNode = FALSE
	EndGlobalSection
	GlobalSection(ExtensibilityGlobals) = postSolution
		SolutionGuid = {BD6EAACF-54C5-42F2-B621-55CEE3D7756F}
	EndGlobalSection
EndGlobal
