
Microsoft Visual Studio Solution File, Format Version 12.00
# Visual Studio Version 16
VisualStudioVersion = 16.0.29025.244
MinimumVisualStudioVersion = 10.0.40219.1
Project("{FAE04EC0-301F-11D3-BF4B-00C04F79EFBC}") = "Books_Inventory", "Books_Inventory\Books_Inventory.csproj", "{A549BCD7-442C-4B87-B6EC-5697E7C22889}"
EndProject
Global
	GlobalSection(SolutionConfigurationPlatforms) = preSolution
		Debug|Any CPU = Debug|Any CPU
		Release|Any CPU = Release|Any CPU
	EndGlobalSection
	GlobalSection(ProjectConfigurationPlatforms) = postSolution
		{A549BCD7-442C-4B87-B6EC-5697E7C22889}.Debug|Any CPU.ActiveCfg = Debug|Any CPU
		{A549BCD7-442C-4B87-B6EC-5697E7C22889}.Debug|Any CPU.Build.0 = Debug|Any CPU
		{A549BCD7-442C-4B87-B6EC-5697E7C22889}.Release|Any CPU.ActiveCfg = Release|Any CPU
		{A549BCD7-442C-4B87-B6EC-5697E7C22889}.Release|Any CPU.Build.0 = Release|Any CPU
	EndGlobalSection
	GlobalSection(SolutionProperties) = preSolution
		HideSolutionNode = FALSE
	EndGlobalSection
	GlobalSection(ExtensibilityGlobals) = postSolution
		SolutionGuid = {114E1350-1143-435E-8199-E7158C716A1C}
	EndGlobalSection
EndGlobal
