
Microsoft Visual Studio Solution File, Format Version 12.00
# Visual Studio 15
Project("{FAE04EC0-301F-11D3-BF4B-00C04F79EFBC}") = "ManyMethods", "ManyMethods.csproj", "{A7C9AF0D-2928-46C4-8A09-A31958CA8339}"
EndProject
Global
	GlobalSection(SolutionConfigurationPlatforms) = preSolution
		Debug|Any CPU = Debug|Any CPU
		Release|Any CPU = Release|Any CPU
	EndGlobalSection
	GlobalSection(ProjectConfigurationPlatforms) = postSolution
		{A7C9AF0D-2928-46C4-8A09-A31958CA8339}.Debug|Any CPU.ActiveCfg = Debug|Any CPU
		{A7C9AF0D-2928-46C4-8A09-A31958CA8339}.Debug|Any CPU.Build.0 = Debug|Any CPU
		{A7C9AF0D-2928-46C4-8A09-A31958CA8339}.Release|Any CPU.ActiveCfg = Release|Any CPU
		{A7C9AF0D-2928-46C4-8A09-A31958CA8339}.Release|Any CPU.Build.0 = Release|Any CPU
	EndGlobalSection
EndGlobal
