
Microsoft Visual Studio Solution File, Format Version 12.00
# Visual Studio Version 16
VisualStudioVersion = 16.0.28803.202
MinimumVisualStudioVersion = 10.0.40219.1
Project("{FAE04EC0-301F-11D3-BF4B-00C04F79EFBC}") = "PoCos", "PoCos\PoCos.csproj", "{3DE1451D-5168-4873-91E7-ECBB29B07E17}"
EndProject
Global
	GlobalSection(SolutionConfigurationPlatforms) = preSolution
		Debug|Any CPU = Debug|Any CPU
		Release|Any CPU = Release|Any CPU
	EndGlobalSection
	GlobalSection(ProjectConfigurationPlatforms) = postSolution
		{3DE1451D-5168-4873-91E7-ECBB29B07E17}.Debug|Any CPU.ActiveCfg = Debug|Any CPU
		{3DE1451D-5168-4873-91E7-ECBB29B07E17}.Debug|Any CPU.Build.0 = Debug|Any CPU
		{3DE1451D-5168-4873-91E7-ECBB29B07E17}.Release|Any CPU.ActiveCfg = Release|Any CPU
		{3DE1451D-5168-4873-91E7-ECBB29B07E17}.Release|Any CPU.Build.0 = Release|Any CPU
	EndGlobalSection
	GlobalSection(SolutionProperties) = preSolution
		HideSolutionNode = FALSE
	EndGlobalSection
	GlobalSection(ExtensibilityGlobals) = postSolution
		SolutionGuid = {E3D96110-AB28-463A-A340-F4F0593631BF}
	EndGlobalSection
EndGlobal
